
Microsoft Visual Studio Solution File, Format Version 12.00
# Visual Studio 15
VisualStudioVersion = 15.0.28010.2016
MinimumVisualStudioVersion = 10.0.40219.1
Project("{FAE04EC0-301F-11D3-BF4B-00C04F79EFBC}") = "GuessingGameFormative", "GuessingGameFormative\GuessingGameFormative.csproj", "{64A5F2DA-807C-4A98-A522-C4528449CEC6}"
EndProject
Global
	GlobalSection(SolutionConfigurationPlatforms) = preSolution
		Debug|Any CPU = Debug|Any CPU
		Release|Any CPU = Release|Any CPU
	EndGlobalSection
	GlobalSection(ProjectConfigurationPlatforms) = postSolution
		{64A5F2DA-807C-4A98-A522-C4528449CEC6}.Debug|Any CPU.ActiveCfg = Debug|Any CPU
		{64A5F2DA-807C-4A98-A522-C4528449CEC6}.Debug|Any CPU.Build.0 = Debug|Any CPU
		{64A5F2DA-807C-4A98-A522-C4528449CEC6}.Release|Any CPU.ActiveCfg = Release|Any CPU
		{64A5F2DA-807C-4A98-A522-C4528449CEC6}.Release|Any CPU.Build.0 = Release|Any CPU
	EndGlobalSection
	GlobalSection(SolutionProperties) = preSolution
		HideSolutionNode = FALSE
	EndGlobalSection
	GlobalSection(ExtensibilityGlobals) = postSolution
		SolutionGuid = {BEAF6E00-3317-41F4-AAE4-B1F1668754C2}
	EndGlobalSection
EndGlobal
